# Generated by pub
# See https://dart.dev/tools/pub/glossary#lockfile
packages:
  arrow_path:
    dependency: "direct main"
    description:
      name: arrow_path
      sha256: "07194a2f165242543e81b7fb16d86d433b52ee31adb0dc9afe9273c0a45e2d9e"
      url: "https://pub.dev"
    source: hosted
    version: "2.0.0"
  async:
    dependency: transitive
    description:
      name: async
      sha256: "947bfcf187f74dbc5e146c9eb9c0f10c9f8b30743e341481c1e2ed3ecc18c20c"
      url: "https://pub.dev"
    source: hosted
    version: "2.11.0"
  boolean_selector:
    dependency: transitive
    description:
      name: boolean_selector
      sha256: "6cfb5af12253eaf2b368f07bacc5a80d1301a071c73360d746b7f2e32d762c66"
      url: "https://pub.dev"
    source: hosted
    version: "2.1.1"
  characters:
    dependency: transitive
    description:
      name: characters
      sha256: "04a925763edad70e8443c99234dc3328f442e811f1d8fd1a72f1c8ad0f69a605"
      url: "https://pub.dev"
    source: hosted
    version: "1.3.0"
  clock:
    dependency: transitive
    description:
      name: clock
      sha256: cb6d7f03e1de671e34607e909a7213e31d7752be4fb66a86d29fe1eb14bfb5cf
      url: "https://pub.dev"
    source: hosted
    version: "1.1.1"
  collection:
    dependency: transitive
    description:
      name: collection
      sha256: f092b211a4319e98e5ff58223576de6c2803db36221657b46c82574721240687
      url: "https://pub.dev"
    source: hosted
    version: "1.17.2"
  cupertino_icons:
    dependency: "direct main"
    description:
      name: cupertino_icons
      sha256: "486b7bc707424572cdf7bd7e812a0c146de3fd47ecadf070254cc60383f21dd8"
      url: "https://pub.dev"
    source: hosted
    version: "1.0.3"
  fake_async:
    dependency: transitive
    description:
      name: fake_async
      sha256: "511392330127add0b769b75a987850d136345d9227c6b94c96a04cf4a391bf78"
      url: "https://pub.dev"
    source: hosted
    version: "1.3.1"
  ffi:
    dependency: transitive
    description:
      name: ffi
      sha256: a38574032c5f1dd06c4aee541789906c12ccaab8ba01446e800d9c5b79c4a978
      url: "https://pub.dev"
    source: hosted
    version: "2.0.1"
  file:
    dependency: transitive
    description:
      name: file
      sha256: bbbe4cbd826c19385c87dcb11d07af2b26c98ac9ed94c1cd65172818570e25b2
      url: "https://pub.dev"
    source: hosted
    version: "6.1.1"
  file_picker:
    dependency: "direct main"
    description:
      name: file_picker
      sha256: dd328189f2f4ccea042bb5b382d5e981691cc74b5a3429b9317bff2b19704489
      url: "https://pub.dev"
    source: hosted
    version: "5.2.8"
  flutter:
    dependency: "direct main"
    description: flutter
    source: sdk
    version: "0.0.0"
  flutter_plugin_android_lifecycle:
    dependency: transitive
    description:
      name: flutter_plugin_android_lifecycle
      sha256: c224ac897bed083dabf11f238dd11a239809b446740be0c2044608c50029ffdf
      url: "https://pub.dev"
    source: hosted
    version: "2.0.9"
  flutter_test:
    dependency: "direct dev"
    description: flutter
    source: sdk
    version: "0.0.0"
  flutter_web_plugins:
    dependency: transitive
    description: flutter
    source: sdk
    version: "0.0.0"
  intl:
    dependency: transitive
    description:
      name: intl
      sha256: a3715e3bc90294e971cb7dc063fbf3cd9ee0ebf8604ffeafabd9e6f16abbdbe6
      url: "https://pub.dev"
    source: hosted
    version: "0.18.0"
  matcher:
    dependency: transitive
    description:
      name: matcher
      sha256: "1803e76e6653768d64ed8ff2e1e67bea3ad4b923eb5c56a295c3e634bad5960e"
      url: "https://pub.dev"
    source: hosted
    version: "0.12.16"
  material_color_utilities:
    dependency: transitive
    description:
      name: material_color_utilities
      sha256: "9528f2f296073ff54cb9fee677df673ace1218163c3bc7628093e7eed5203d41"
      url: "https://pub.dev"
    source: hosted
    version: "0.5.0"
  matrix2d:
    dependency: "direct main"
    description:
      name: matrix2d
      sha256: "1f07ae3a78a4c825ecd8b47fbbd73e88cf938585bc8e11b7d8230f8410467299"
      url: "https://pub.dev"
    source: hosted
    version: "1.0.0"
  meta:
    dependency: transitive
    description:
      name: meta
      sha256: "3c74dbf8763d36539f114c799d8a2d87343b5067e9d796ca22b5eb8437090ee3"
      url: "https://pub.dev"
    source: hosted
    version: "1.9.1"
  ml_linalg:
    dependency: "direct main"
    description:
      name: ml_linalg
      sha256: "6aecffeda4ccb8ad375e9b4df4288f7d963ae8ecb8516b061b65bd2e75b1f46d"
      url: "https://pub.dev"
    source: hosted
    version: "13.11.29"
  path:
    dependency: transitive
    description:
      name: path
      sha256: "8829d8a55c13fc0e37127c29fedf290c102f4e40ae94ada574091fe0ff96c917"
      url: "https://pub.dev"
    source: hosted
    version: "1.8.3"
  path_provider:
    dependency: "direct main"
    description:
      name: path_provider
      sha256: cfdc261c62a7273be7e051b19d27e503927a40919932f790681042a038f3605d
      url: "https://pub.dev"
    source: hosted
    version: "2.0.2"
  path_provider_linux:
    dependency: transitive
    description:
      name: path_provider_linux
      sha256: "938d2b6591587bcb009d2109a6ea464fd8fb2a75dc6423171b0d0afb1d27c708"
      url: "https://pub.dev"
    source: hosted
    version: "2.0.0"
  path_provider_macos:
    dependency: transitive
    description:
      name: path_provider_macos
      sha256: eb58b896ea3a504f0b0fa7870646bda6935a6f752b2a54df33f97070dacca8d4
      url: "https://pub.dev"
    source: hosted
    version: "2.0.0"
  path_provider_platform_interface:
    dependency: transitive
    description:
      name: path_provider_platform_interface
      sha256: "2e14fc474b8acfc4111ac8eb0e37c2fe70234f9f8cd796f1560d03aa1689fa51"
      url: "https://pub.dev"
    source: hosted
    version: "2.0.0"
  path_provider_windows:
    dependency: transitive
    description:
      name: path_provider_windows
      sha256: f53720498d5a543f9607db4b0e997c4b5438884de25b0f73098cc2671a51b130
      url: "https://pub.dev"
    source: hosted
    version: "2.1.5"
  platform:
    dependency: transitive
    description:
      name: platform
      sha256: ebc79f16b5f6b609aad4a5e63447d4795d16f7adee46e93ed03200848c006735
      url: "https://pub.dev"
    source: hosted
    version: "3.0.0"
  plugin_platform_interface:
    dependency: transitive
    description:
      name: plugin_platform_interface
      sha256: "6a2128648c854906c53fa8e33986fc0247a1116122f9534dd20e3ab9e16a32bc"
      url: "https://pub.dev"
    source: hosted
    version: "2.1.4"
  process:
    dependency: transitive
    description:
      name: process
      sha256: dc3c073b5bc0db4e0f3dbc6b69f8e9cf2f336dafb3db996242ebdacf94c295dd
      url: "https://pub.dev"
    source: hosted
    version: "4.2.1"
  quiver:
    dependency: transitive
    description:
      name: quiver
      sha256: b1c1ac5ce6688d77f65f3375a9abb9319b3cb32486bdc7a1e0fdf004d7ba4e47
      url: "https://pub.dev"
    source: hosted
    version: "3.2.1"
  sky_engine:
    dependency: transitive
    description: flutter
    source: sdk
    version: "0.0.99"
  source_span:
    dependency: transitive
    description:
      name: source_span
      sha256: "53e943d4206a5e30df338fd4c6e7a077e02254531b138a15aec3bd143c1a8b3c"
      url: "https://pub.dev"
    source: hosted
    version: "1.10.0"
  stack_trace:
    dependency: transitive
    description:
      name: stack_trace
      sha256: "73713990125a6d93122541237550ee3352a2d84baad52d375a4cad2eb9b7ce0b"
      url: "https://pub.dev"
    source: hosted
    version: "1.11.1"
  stream_channel:
    dependency: transitive
    description:
      name: stream_channel
      sha256: ba2aa5d8cc609d96bbb2899c28934f9e1af5cddbd60a827822ea467161eb54e7
      url: "https://pub.dev"
    source: hosted
    version: "2.1.2"
  string_scanner:
    dependency: transitive
    description:
      name: string_scanner
      sha256: "556692adab6cfa87322a115640c11f13cb77b3f076ddcc5d6ae3c20242bedcde"
      url: "https://pub.dev"
    source: hosted
    version: "1.2.0"
  syncfusion_flutter_charts:
    dependency: "direct main"
    description:
      name: syncfusion_flutter_charts
      sha256: "82c65db75af2c90ddf99cacfbb5dd5611edb575da45cb9fa10091bb7944d3f51"
      url: "https://pub.dev"
    source: hosted
    version: "21.1.35"
  syncfusion_flutter_core:
    dependency: transitive
    description:
      name: syncfusion_flutter_core
      sha256: "6c704aa944ae5dfc4ae7c473d52eba551acfa39fff277bae3cb355cdb2457f76"
      url: "https://pub.dev"
    source: hosted
    version: "21.1.35"
  term_glyph:
    dependency: transitive
    description:
      name: term_glyph
      sha256: a29248a84fbb7c79282b40b8c72a1209db169a2e0542bce341da992fe1bc7e84
      url: "https://pub.dev"
    source: hosted
    version: "1.2.1"
  test_api:
    dependency: transitive
    description:
      name: test_api
      sha256: "5c2f730018264d276c20e4f1503fd1308dfbbae39ec8ee63c5236311ac06954b"
      url: "https://pub.dev"
    source: hosted
    version: "0.6.1"
  vector_math:
    dependency: transitive
    description:
      name: vector_math
      sha256: "80b3257d1492ce4d091729e3a67a60407d227c27241d6927be0130c98e741803"
      url: "https://pub.dev"
    source: hosted
    version: "2.1.4"
  web:
    dependency: transitive
    description:
      name: web
      sha256: dc8ccd225a2005c1be616fe02951e2e342092edf968cf0844220383757ef8f10
      url: "https://pub.dev"
    source: hosted
    version: "0.1.4-beta"
  win32:
    dependency: transitive
    description:
      name: win32
      sha256: a6f0236dbda0f63aa9a25ad1ff9a9d8a4eaaa5012da0dc59d21afdb1dc361ca4
      url: "https://pub.dev"
    source: hosted
    version: "3.1.4"
  xdg_directories:
    dependency: transitive
    description:
      name: xdg_directories
      sha256: "0186b3f2d66be9a12b0295bddcf8b6f8c0b0cc2f85c6287344e2a6366bc28457"
      url: "https://pub.dev"
    source: hosted
    version: "0.2.0"
sdks:
  dart: ">=3.1.0-185.0.dev <4.0.0"
  flutter: ">=3.0.0"
